
Microsoft Visual Studio Solution File, Format Version 12.00
# Visual Studio Version 17
VisualStudioVersion = 17.8.34511.84
MinimumVisualStudioVersion = 10.0.40219.1
Project("{FAE04EC0-301F-11D3-BF4B-00C04F79EFBC}") = "BuyCar", "BuyCar\BuyCar.csproj", "{913D0CE3-0980-4C7C-9CFA-11960A840E92}"
EndProject
Global
	GlobalSection(SolutionConfigurationPlatforms) = preSolution
		Debug|Any CPU = Debug|Any CPU
		Release|Any CPU = Release|Any CPU
	EndGlobalSection
	GlobalSection(ProjectConfigurationPlatforms) = postSolution
		{913D0CE3-0980-4C7C-9CFA-11960A840E92}.Debug|Any CPU.ActiveCfg = Debug|Any CPU
		{913D0CE3-0980-4C7C-9CFA-11960A840E92}.Debug|Any CPU.Build.0 = Debug|Any CPU
		{913D0CE3-0980-4C7C-9CFA-11960A840E92}.Release|Any CPU.ActiveCfg = Release|Any CPU
		{913D0CE3-0980-4C7C-9CFA-11960A840E92}.Release|Any CPU.Build.0 = Release|Any CPU
	EndGlobalSection
	GlobalSection(SolutionProperties) = preSolution
		HideSolutionNode = FALSE
	EndGlobalSection
	GlobalSection(ExtensibilityGlobals) = postSolution
		SolutionGuid = {E42B8941-5746-4B76-9149-A1FCB9D630D4}
	EndGlobalSection
EndGlobal
